
Microsoft Visual Studio Solution File, Format Version 12.00
# Visual Studio Version 16
VisualStudioVersion = 16.0.31424.327
MinimumVisualStudioVersion = 10.0.40219.1
Project("{FAE04EC0-301F-11D3-BF4B-00C04F79EFBC}") = "YchetTovarov", "YchetTovarov.csproj", "{10C009BD-2265-40D9-AFF3-A4E52C0FCAD8}"
EndProject
Global
	GlobalSection(SolutionConfigurationPlatforms) = preSolution
		Debug|Any CPU = Debug|Any CPU
		Release|Any CPU = Release|Any CPU
	EndGlobalSection
	GlobalSection(ProjectConfigurationPlatforms) = postSolution
		{10C009BD-2265-40D9-AFF3-A4E52C0FCAD8}.Debug|Any CPU.ActiveCfg = Debug|Any CPU
		{10C009BD-2265-40D9-AFF3-A4E52C0FCAD8}.Debug|Any CPU.Build.0 = Debug|Any CPU
		{10C009BD-2265-40D9-AFF3-A4E52C0FCAD8}.Release|Any CPU.ActiveCfg = Release|Any CPU
		{10C009BD-2265-40D9-AFF3-A4E52C0FCAD8}.Release|Any CPU.Build.0 = Release|Any CPU
	EndGlobalSection
	GlobalSection(SolutionProperties) = preSolution
		HideSolutionNode = FALSE
	EndGlobalSection
	GlobalSection(ExtensibilityGlobals) = postSolution
		SolutionGuid = {AD9FD76E-E049-452A-ABF9-72B7C3A65038}
	EndGlobalSection
EndGlobal
